// !$*UTF8*$!
{
	archiveVersion = 1;
	classes = {
	};
	objectVersion = 55;
	objects = {

/* Begin PBXBuildFile section */
		892F2C4F289518B5009ECDC0 /* FirebaseFirestore in Frameworks */ = {isa = PBXBuildFile; productRef = 892F2C4E289518B5009ECDC0 /* FirebaseFirestore */; };
		892F2C51289518B5009ECDC0 /* FirebaseFirestoreSwift in Frameworks */ = {isa = PBXBuildFile; productRef = 892F2C50289518B5009ECDC0 /* FirebaseFirestoreSwift */; };
		894F7B3A289E8E3700CFAA70 /* MapView.swift in Sources */ = {isa = PBXBuildFile; fileRef = 894F7B39289E8E3700CFAA70 /* MapView.swift */; };
		896A9133288FEFD8004C1692 /* SimpleAppApp.swift in Sources */ = {isa = PBXBuildFile; fileRef = 896A9132288FEFD8004C1692 /* SimpleAppApp.swift */; };
		896A9135288FEFD8004C1692 /* ContentView.swift in Sources */ = {isa = PBXBuildFile; fileRef = 896A9134288FEFD8004C1692 /* ContentView.swift */; };
		896A9137288FEFDA004C1692 /* Assets.xcassets in Resources */ = {isa = PBXBuildFile; fileRef = 896A9136288FEFDA004C1692 /* Assets.xcassets */; };
		896A913A288FEFDA004C1692 /* Preview Assets.xcassets in Resources */ = {isa = PBXBuildFile; fileRef = 896A9139288FEFDA004C1692 /* Preview Assets.xcassets */; };
		896A9143288FF58D004C1692 /* Character.swift in Sources */ = {isa = PBXBuildFile; fileRef = 896A9142288FF58D004C1692 /* Character.swift */; };
		896A914528900CF4004C1692 /* CharacterList.swift in Sources */ = {isa = PBXBuildFile; fileRef = 896A914428900CF4004C1692 /* CharacterList.swift */; };
		89C7E59A2894FC6000F1636F /* GoogleService-Info.plist in Resources */ = {isa = PBXBuildFile; fileRef = 89C7E5992894FC6000F1636F /* GoogleService-Info.plist */; };
		89EEEC352891714F00DFDD45 /* CharacterCard.swift in Sources */ = {isa = PBXBuildFile; fileRef = 89EEEC342891714F00DFDD45 /* CharacterCard.swift */; };
		89EEEC372891715D00DFDD45 /* CharacterRow.swift in Sources */ = {isa = PBXBuildFile; fileRef = 89EEEC362891715D00DFDD45 /* CharacterRow.swift */; };
		89EEEC39289172D000DFDD45 /* CharacterImage.swift in Sources */ = {isa = PBXBuildFile; fileRef = 89EEEC38289172D000DFDD45 /* CharacterImage.swift */; };
/* End PBXBuildFile section */

/* Begin PBXFileReference section */
		894F7B39289E8E3700CFAA70 /* MapView.swift */ = {isa = PBXFileReference; lastKnownFileType = sourcecode.swift; path = MapView.swift; sourceTree = "<group>"; };
		896A912F288FEFD8004C1692 /* SimpleApp.app */ = {isa = PBXFileReference; explicitFileType = wrapper.application; includeInIndex = 0; path = SimpleApp.app; sourceTree = BUILT_PRODUCTS_DIR; };
		896A9132288FEFD8004C1692 /* SimpleAppApp.swift */ = {isa = PBXFileReference; lastKnownFileType = sourcecode.swift; path = SimpleAppApp.swift; sourceTree = "<group>"; };
		896A9134288FEFD8004C1692 /* ContentView.swift */ = {isa = PBXFileReference; lastKnownFileType = sourcecode.swift; path = ContentView.swift; sourceTree = "<group>"; };
		896A9136288FEFDA004C1692 /* Assets.xcassets */ = {isa = PBXFileReference; lastKnownFileType = folder.assetcatalog; path = Assets.xcassets; sourceTree = "<group>"; };
		896A9139288FEFDA004C1692 /* Preview Assets.xcassets */ = {isa = PBXFileReference; lastKnownFileType = folder.assetcatalog; path = "Preview Assets.xcassets"; sourceTree = "<group>"; };
		896A9142288FF58D004C1692 /* Character.swift */ = {isa = PBXFileReference; lastKnownFileType = sourcecode.swift; path = Character.swift; sourceTree = "<group>"; };
		896A914428900CF4004C1692 /* CharacterList.swift */ = {isa = PBXFileReference; lastKnownFileType = sourcecode.swift; path = CharacterList.swift; sourceTree = "<group>"; };
		89C7E5992894FC6000F1636F /* GoogleService-Info.plist */ = {isa = PBXFileReference; fileEncoding = 4; lastKnownFileType = text.plist.xml; path = "GoogleService-Info.plist"; sourceTree = "<group>"; };
		89EEEC342891714F00DFDD45 /* CharacterCard.swift */ = {isa = PBXFileReference; lastKnownFileType = sourcecode.swift; path = CharacterCard.swift; sourceTree = "<group>"; };
		89EEEC362891715D00DFDD45 /* CharacterRow.swift */ = {isa = PBXFileReference; lastKnownFileType = sourcecode.swift; path = CharacterRow.swift; sourceTree = "<group>"; };
		89EEEC38289172D000DFDD45 /* CharacterImage.swift */ = {isa = PBXFileReference; lastKnownFileType = sourcecode.swift; path = CharacterImage.swift; sourceTree = "<group>"; };
/* End PBXFileReference section */

/* Begin PBXFrameworksBuildPhase section */
		896A912C288FEFD8004C1692 /* Frameworks */ = {
			isa = PBXFrameworksBuildPhase;
			buildActionMask = 2147483647;
			files = (
				892F2C4F289518B5009ECDC0 /* FirebaseFirestore in Frameworks */,
				892F2C51289518B5009ECDC0 /* FirebaseFirestoreSwift in Frameworks */,
			);
			runOnlyForDeploymentPostprocessing = 0;
		};
/* End PBXFrameworksBuildPhase section */

/* Begin PBXGroup section */
		896A9126288FEFD8004C1692 = {
			isa = PBXGroup;
			children = (
				896A9131288FEFD8004C1692 /* SimpleApp */,
				896A9130288FEFD8004C1692 /* Products */,
			);
			sourceTree = "<group>";
		};
		896A9130288FEFD8004C1692 /* Products */ = {
			isa = PBXGroup;
			children = (
				896A912F288FEFD8004C1692 /* SimpleApp.app */,
			);
			name = Products;
			sourceTree = "<group>";
		};
		896A9131288FEFD8004C1692 /* SimpleApp */ = {
			isa = PBXGroup;
			children = (
				89C7E5992894FC6000F1636F /* GoogleService-Info.plist */,
				896A9141288FEFE8004C1692 /* View */,
				896A9140288FEFE0004C1692 /* Model */,
				896A9132288FEFD8004C1692 /* SimpleAppApp.swift */,
				896A9136288FEFDA004C1692 /* Assets.xcassets */,
				896A9138288FEFDA004C1692 /* Preview Content */,
			);
			path = SimpleApp;
			sourceTree = "<group>";
		};
		896A9138288FEFDA004C1692 /* Preview Content */ = {
			isa = PBXGroup;
			children = (
				896A9139288FEFDA004C1692 /* Preview Assets.xcassets */,
			);
			path = "Preview Content";
			sourceTree = "<group>";
		};
		896A9140288FEFE0004C1692 /* Model */ = {
			isa = PBXGroup;
			children = (
				896A9142288FF58D004C1692 /* Character.swift */,
				89EEEC38289172D000DFDD45 /* CharacterImage.swift */,
			);
			path = Model;
			sourceTree = "<group>";
		};
		896A9141288FEFE8004C1692 /* View */ = {
			isa = PBXGroup;
			children = (
				896A9134288FEFD8004C1692 /* ContentView.swift */,
				896A914428900CF4004C1692 /* CharacterList.swift */,
				89EEEC342891714F00DFDD45 /* CharacterCard.swift */,
				89EEEC362891715D00DFDD45 /* CharacterRow.swift */,
				894F7B39289E8E3700CFAA70 /* MapView.swift */,
			);
			path = View;
			sourceTree = "<group>";
		};
/* End PBXGroup section */

/* Begin PBXNativeTarget section */
		896A912E288FEFD8004C1692 /* SimpleApp */ = {
			isa = PBXNativeTarget;
			buildConfigurationList = 896A913D288FEFDA004C1692 /* Build configuration list for PBXNativeTarget "SimpleApp" */;
			buildPhases = (
				896A912B288FEFD8004C1692 /* Sources */,
				896A912C288FEFD8004C1692 /* Frameworks */,
				896A912D288FEFD8004C1692 /* Resources */,
			);
			buildRules = (
			);
			dependencies = (
			);
			name = SimpleApp;
			packageProductDependencies = (
				892F2C4E289518B5009ECDC0 /* FirebaseFirestore */,
				892F2C50289518B5009ECDC0 /* FirebaseFirestoreSwift */,
			);
			productName = SimpleApp;
			productReference = 896A912F288FEFD8004C1692 /* SimpleApp.app */;
			productType = "com.apple.product-type.application";
		};
/* End PBXNativeTarget section */

/* Begin PBXProject section */
		896A9127288FEFD8004C1692 /* Project object */ = {
			isa = PBXProject;
			attributes = {
				BuildIndependentTargetsInParallel = 1;
				LastSwiftUpdateCheck = 1310;
				LastUpgradeCheck = 1310;
				TargetAttributes = {
					896A912E288FEFD8004C1692 = {
						CreatedOnToolsVersion = 13.1;
					};
				};
			};
			buildConfigurationList = 896A912A288FEFD8004C1692 /* Build configuration list for PBXProject "SimpleApp" */;
			compatibilityVersion = "Xcode 13.0";
			developmentRegion = en;
			hasScannedForEncodings = 0;
			knownRegions = (
				en,
				Base,
			);
			mainGroup = 896A9126288FEFD8004C1692;
			packageReferences = (
				892F2C4D289518B5009ECDC0 /* XCRemoteSwiftPackageReference "firebase-ios-sdk" */,
			);
			productRefGroup = 896A9130288FEFD8004C1692 /* Products */;
			projectDirPath = "";
			projectRoot = "";
			targets = (
				896A912E288FEFD8004C1692 /* SimpleApp */,
			);
		};
/* End PBXProject section */

/* Begin PBXResourcesBuildPhase section */
		896A912D288FEFD8004C1692 /* Resources */ = {
			isa = PBXResourcesBuildPhase;
			buildActionMask = 2147483647;
			files = (
				896A913A288FEFDA004C1692 /* Preview Assets.xcassets in Resources */,
				89C7E59A2894FC6000F1636F /* GoogleService-Info.plist in Resources */,
				896A9137288FEFDA004C1692 /* Assets.xcassets in Resources */,
			);
			runOnlyForDeploymentPostprocessing = 0;
		};
/* End PBXResourcesBuildPhase section */

/* Begin PBXSourcesBuildPhase section */
		896A912B288FEFD8004C1692 /* Sources */ = {
			isa = PBXSourcesBuildPhase;
			buildActionMask = 2147483647;
			files = (
				89EEEC352891714F00DFDD45 /* CharacterCard.swift in Sources */,
				894F7B3A289E8E3700CFAA70 /* MapView.swift in Sources */,
				89EEEC39289172D000DFDD45 /* CharacterImage.swift in Sources */,
				896A9143288FF58D004C1692 /* Character.swift in Sources */,
				896A9135288FEFD8004C1692 /* ContentView.swift in Sources */,
				896A9133288FEFD8004C1692 /* SimpleAppApp.swift in Sources */,
				89EEEC372891715D00DFDD45 /* CharacterRow.swift in Sources */,
				896A914528900CF4004C1692 /* CharacterList.swift in Sources */,
			);
			runOnlyForDeploymentPostprocessing = 0;
		};
/* End PBXSourcesBuildPhase section */

/* Begin XCBuildConfiguration section */
		896A913B288FEFDA004C1692 /* Debug */ = {
			isa = XCBuildConfiguration;
			buildSettings = {
				ALWAYS_SEARCH_USER_PATHS = NO;
				CLANG_ANALYZER_NONNULL = YES;
				CLANG_ANALYZER_NUMBER_OBJECT_CONVERSION = YES_AGGRESSIVE;
				CLANG_CXX_LANGUAGE_STANDARD = "gnu++17";
				CLANG_CXX_LIBRARY = "libc++";
				CLANG_ENABLE_MODULES = YES;
				CLANG_ENABLE_OBJC_ARC = YES;
				CLANG_ENABLE_OBJC_WEAK = YES;
				CLANG_WARN_BLOCK_CAPTURE_AUTORELEASING = YES;
				CLANG_WARN_BOOL_CONVERSION = YES;
				CLANG_WARN_COMMA = YES;
				CLANG_WARN_CONSTANT_CONVERSION = YES;
				CLANG_WARN_DEPRECATED_OBJC_IMPLEMENTATIONS = YES;
				CLANG_WARN_DIRECT_OBJC_ISA_USAGE = YES_ERROR;
				CLANG_WARN_DOCUMENTATION_COMMENTS = YES;
				CLANG_WARN_EMPTY_BODY = YES;
				CLANG_WARN_ENUM_CONVERSION = YES;
				CLANG_WARN_INFINITE_RECURSION = YES;
				CLANG_WARN_INT_CONVERSION = YES;
				CLANG_WARN_NON_LITERAL_NULL_CONVERSION = YES;
				CLANG_WARN_OBJC_IMPLICIT_RETAIN_SELF = YES;
				CLANG_WARN_OBJC_LITERAL_CONVERSION = YES;
				CLANG_WARN_OBJC_ROOT_CLASS = YES_ERROR;
				CLANG_WARN_QUOTED_INCLUDE_IN_FRAMEWORK_HEADER = YES;
				CLANG_WARN_RANGE_LOOP_ANALYSIS = YES;
				CLANG_WARN_STRICT_PROTOTYPES = YES;
				CLANG_WARN_SUSPICIOUS_MOVE = YES;
				CLANG_WARN_UNGUARDED_AVAILABILITY = YES_AGGRESSIVE;
				CLANG_WARN_UNREACHABLE_CODE = YES;
				CLANG_WARN__DUPLICATE_METHOD_MATCH = YES;
				COPY_PHASE_STRIP = NO;
				DEBUG_INFORMATION_FORMAT = dwarf;
				ENABLE_STRICT_OBJC_MSGSEND = YES;
				ENABLE_TESTABILITY = YES;
				GCC_C_LANGUAGE_STANDARD = gnu11;
				GCC_DYNAMIC_NO_PIC = NO;
				GCC_NO_COMMON_BLOCKS = YES;
				GCC_OPTIMIZATION_LEVEL = 0;
				GCC_PREPROCESSOR_DEFINITIONS = (
					"DEBUG=1",
					"$(inherited)",
				);
				GCC_WARN_64_TO_32_BIT_CONVERSION = YES;
				GCC_WARN_ABOUT_RETURN_TYPE = YES_ERROR;
				GCC_WARN_UNDECLARED_SELECTOR = YES;
				GCC_WARN_UNINITIALIZED_AUTOS = YES_AGGRESSIVE;
				GCC_WARN_UNUSED_FUNCTION = YES;
				GCC_WARN_UNUSED_VARIABLE = YES;
				IPHONEOS_DEPLOYMENT_TARGET = 15.0;
				MTL_ENABLE_DEBUG_INFO = INCLUDE_SOURCE;
				MTL_FAST_MATH = YES;
				ONLY_ACTIVE_ARCH = YES;
				SDKROOT = iphoneos;
				SWIFT_ACTIVE_COMPILATION_CONDITIONS = DEBUG;
				SWIFT_OPTIMIZATION_LEVEL = "-Onone";
			};
			name = Debug;
		};
		896A913C288FEFDA004C1692 /* Release */ = {
			isa = XCBuildConfiguration;
			buildSettings = {
				ALWAYS_SEARCH_USER_PATHS = NO;
				CLANG_ANALYZER_NONNULL = YES;
				CLANG_ANALYZER_NUMBER_OBJECT_CONVERSION = YES_AGGRESSIVE;
				CLANG_CXX_LANGUAGE_STANDARD = "gnu++17";
				CLANG_CXX_LIBRARY = "libc++";
				CLANG_ENABLE_MODULES = YES;
				CLANG_ENABLE_OBJC_ARC = YES;
				CLANG_ENABLE_OBJC_WEAK = YES;
				CLANG_WARN_BLOCK_CAPTURE_AUTORELEASING = YES;
				CLANG_WARN_BOOL_CONVERSION = YES;
				CLANG_WARN_COMMA = YES;
				CLANG_WARN_CONSTANT_CONVERSION = YES;
				CLANG_WARN_DEPRECATED_OBJC_IMPLEMENTATIONS = YES;
				CLANG_WARN_DIRECT_OBJC_ISA_USAGE = YES_ERROR;
				CLANG_WARN_DOCUMENTATION_COMMENTS = YES;
				CLANG_WARN_EMPTY_BODY = YES;
				CLANG_WARN_ENUM_CONVERSION = YES;
				CLANG_WARN_INFINITE_RECURSION = YES;
				CLANG_WARN_INT_CONVERSION = YES;
				CLANG_WARN_NON_LITERAL_NULL_CONVERSION = YES;
				CLANG_WARN_OBJC_IMPLICIT_RETAIN_SELF = YES;
				CLANG_WARN_OBJC_LITERAL_CONVERSION = YES;
				CLANG_WARN_OBJC_ROOT_CLASS = YES_ERROR;
				CLANG_WARN_QUOTED_INCLUDE_IN_FRAMEWORK_HEADER = YES;
				CLANG_WARN_RANGE_LOOP_ANALYSIS = YES;
				CLANG_WARN_STRICT_PROTOTYPES = YES;
				CLANG_WARN_SUSPICIOUS_MOVE = YES;
				CLANG_WARN_UNGUARDED_AVAILABILITY = YES_AGGRESSIVE;
				CLANG_WARN_UNREACHABLE_CODE = YES;
				CLANG_WARN__DUPLICATE_METHOD_MATCH = YES;
				COPY_PHASE_STRIP = NO;
				DEBUG_INFORMATION_FORMAT = "dwarf-with-dsym";
				ENABLE_NS_ASSERTIONS = NO;
				ENABLE_STRICT_OBJC_MSGSEND = YES;
				GCC_C_LANGUAGE_STANDARD = gnu11;
				GCC_NO_COMMON_BLOCKS = YES;
				GCC_WARN_64_TO_32_BIT_CONVERSION = YES;
				GCC_WARN_ABOUT_RETURN_TYPE = YES_ERROR;
				GCC_WARN_UNDECLARED_SELECTOR = YES;
				GCC_WARN_UNINITIALIZED_AUTOS = YES_AGGRESSIVE;
				GCC_WARN_UNUSED_FUNCTION = YES;
				GCC_WARN_UNUSED_VARIABLE = YES;
				IPHONEOS_DEPLOYMENT_TARGET = 15.0;
				MTL_ENABLE_DEBUG_INFO = NO;
				MTL_FAST_MATH = YES;
				SDKROOT = iphoneos;
				SWIFT_COMPILATION_MODE = wholemodule;
				SWIFT_OPTIMIZATION_LEVEL = "-O";
				VALIDATE_PRODUCT = YES;
			};
			name = Release;
		};
		896A913E288FEFDA004C1692 /* Debug */ = {
			isa = XCBuildConfiguration;
			buildSettings = {
				ASSETCATALOG_COMPILER_APPICON_NAME = AppIcon;
				ASSETCATALOG_COMPILER_GLOBAL_ACCENT_COLOR_NAME = AccentColor;
				CODE_SIGN_STYLE = Automatic;
				CURRENT_PROJECT_VERSION = 1;
				DEVELOPMENT_ASSET_PATHS = "\"SimpleApp/Preview Content\"";
				ENABLE_PREVIEWS = YES;
				GENERATE_INFOPLIST_FILE = YES;
				INFOPLIST_KEY_UIApplicationSceneManifest_Generation = YES;
				INFOPLIST_KEY_UIApplicationSupportsIndirectInputEvents = YES;
				INFOPLIST_KEY_UILaunchScreen_Generation = YES;
				INFOPLIST_KEY_UISupportedInterfaceOrientations_iPad = "UIInterfaceOrientationPortrait UIInterfaceOrientationPortraitUpsideDown UIInterfaceOrientationLandscapeLeft UIInterfaceOrientationLandscapeRight";
				INFOPLIST_KEY_UISupportedInterfaceOrientations_iPhone = "UIInterfaceOrientationPortrait UIInterfaceOrientationLandscapeLeft UIInterfaceOrientationLandscapeRight";
				LD_RUNPATH_SEARCH_PATHS = (
					"$(inherited)",
					"@executable_path/Frameworks",
				);
				MARKETING_VERSION = 1.0;
				PRODUCT_BUNDLE_IDENTIFIER = vn.edu.rmit.SimpleApp;
				PRODUCT_NAME = "$(TARGET_NAME)";
				SWIFT_EMIT_LOC_STRINGS = YES;
				SWIFT_VERSION = 5.0;
				TARGETED_DEVICE_FAMILY = "1,2";
			};
			name = Debug;
		};
		896A913F288FEFDA004C1692 /* Release */ = {
			isa = XCBuildConfiguration;
			buildSettings = {
				ASSETCATALOG_COMPILER_APPICON_NAME = AppIcon;
				ASSETCATALOG_COMPILER_GLOBAL_ACCENT_COLOR_NAME = AccentColor;
				CODE_SIGN_STYLE = Automatic;
				CURRENT_PROJECT_VERSION = 1;
				DEVELOPMENT_ASSET_PATHS = "\"SimpleApp/Preview Content\"";
				ENABLE_PREVIEWS = YES;
				GENERATE_INFOPLIST_FILE = YES;
				INFOPLIST_KEY_UIApplicationSceneManifest_Generation = YES;
				INFOPLIST_KEY_UIApplicationSupportsIndirectInputEvents = YES;
				INFOPLIST_KEY_UILaunchScreen_Generation = YES;
				INFOPLIST_KEY_UISupportedInterfaceOrientations_iPad = "UIInterfaceOrientationPortrait UIInterfaceOrientationPortraitUpsideDown UIInterfaceOrientationLandscapeLeft UIInterfaceOrientationLandscapeRight";
				INFOPLIST_KEY_UISupportedInterfaceOrientations_iPhone = "UIInterfaceOrientationPortrait UIInterfaceOrientationLandscapeLeft UIInterfaceOrientationLandscapeRight";
				LD_RUNPATH_SEARCH_PATHS = (
					"$(inherited)",
					"@executable_path/Frameworks",
				);
				MARKETING_VERSION = 1.0;
				PRODUCT_BUNDLE_IDENTIFIER = vn.edu.rmit.SimpleApp;
				PRODUCT_NAME = "$(TARGET_NAME)";
				SWIFT_EMIT_LOC_STRINGS = YES;
				SWIFT_VERSION = 5.0;
				TARGETED_DEVICE_FAMILY = "1,2";
			};
			name = Release;
		};
/* End XCBuildConfiguration section */

/* Begin XCConfigurationList section */
		896A912A288FEFD8004C1692 /* Build configuration list for PBXProject "SimpleApp" */ = {
			isa = XCConfigurationList;
			buildConfigurations = (
				896A913B288FEFDA004C1692 /* Debug */,
				896A913C288FEFDA004C1692 /* Release */,
			);
			defaultConfigurationIsVisible = 0;
			defaultConfigurationName = Release;
		};
		896A913D288FEFDA004C1692 /* Build configuration list for PBXNativeTarget "SimpleApp" */ = {
			isa = XCConfigurationList;
			buildConfigurations = (
				896A913E288FEFDA004C1692 /* Debug */,
				896A913F288FEFDA004C1692 /* Release */,
			);
			defaultConfigurationIsVisible = 0;
			defaultConfigurationName = Release;
		};
/* End XCConfigurationList section */

/* Begin XCRemoteSwiftPackageReference section */
		892F2C4D289518B5009ECDC0 /* XCRemoteSwiftPackageReference "firebase-ios-sdk" */ = {
			isa = XCRemoteSwiftPackageReference;
			repositoryURL = "https://github.com/firebase/firebase-ios-sdk";
			requirement = {
				branch = master;
				kind = branch;
			};
		};
/* End XCRemoteSwiftPackageReference section */

/* Begin XCSwiftPackageProductDependency section */
		892F2C4E289518B5009ECDC0 /* FirebaseFirestore */ = {
			isa = XCSwiftPackageProductDependency;
			package = 892F2C4D289518B5009ECDC0 /* XCRemoteSwiftPackageReference "firebase-ios-sdk" */;
			productName = FirebaseFirestore;
		};
		892F2C50289518B5009ECDC0 /* FirebaseFirestoreSwift */ = {
			isa = XCSwiftPackageProductDependency;
			package = 892F2C4D289518B5009ECDC0 /* XCRemoteSwiftPackageReference "firebase-ios-sdk" */;
			productName = FirebaseFirestoreSwift;
		};
/* End XCSwiftPackageProductDependency section */
	};
	rootObject = 896A9127288FEFD8004C1692 /* Project object */;
}
